
Microsoft Visual Studio Solution File, Format Version 12.00
# Visual Studio 14
VisualStudioVersion = 14.0.24720.0
MinimumVisualStudioVersion = 10.0.40219.1
Project("{FAE04EC0-301F-11D3-BF4B-00C04F79EFBC}") = "Biblioteca.Views", "Biblioteca.Views\Biblioteca.Views.csproj", "{6AFD1028-1D34-4F08-8CD9-13B25B97184D}"
EndProject
Project("{FAE04EC0-301F-11D3-BF4B-00C04F79EFBC}") = "Biblioteca.Model", "Biblioteca.Model\Biblioteca.Model.csproj", "{64226631-5D6A-4DE0-884B-C0BA513EAE66}"
EndProject
Project("{FAE04EC0-301F-11D3-BF4B-00C04F79EFBC}") = "Biblioteca.Controller", "Biblioteca.Controller\Biblioteca.Controller.csproj", "{CD0B70A6-B03E-47C4-B67C-3D94FB6C85C9}"
EndProject
Global
	GlobalSection(SolutionConfigurationPlatforms) = preSolution
		Debug|Any CPU = Debug|Any CPU
		Release|Any CPU = Release|Any CPU
	EndGlobalSection
	GlobalSection(ProjectConfigurationPlatforms) = postSolution
		{6AFD1028-1D34-4F08-8CD9-13B25B97184D}.Debug|Any CPU.ActiveCfg = Debug|Any CPU
		{6AFD1028-1D34-4F08-8CD9-13B25B97184D}.Debug|Any CPU.Build.0 = Debug|Any CPU
		{6AFD1028-1D34-4F08-8CD9-13B25B97184D}.Release|Any CPU.ActiveCfg = Release|Any CPU
		{6AFD1028-1D34-4F08-8CD9-13B25B97184D}.Release|Any CPU.Build.0 = Release|Any CPU
		{64226631-5D6A-4DE0-884B-C0BA513EAE66}.Debug|Any CPU.ActiveCfg = Debug|Any CPU
		{64226631-5D6A-4DE0-884B-C0BA513EAE66}.Debug|Any CPU.Build.0 = Debug|Any CPU
		{64226631-5D6A-4DE0-884B-C0BA513EAE66}.Release|Any CPU.ActiveCfg = Release|Any CPU
		{64226631-5D6A-4DE0-884B-C0BA513EAE66}.Release|Any CPU.Build.0 = Release|Any CPU
		{CD0B70A6-B03E-47C4-B67C-3D94FB6C85C9}.Debug|Any CPU.ActiveCfg = Debug|Any CPU
		{CD0B70A6-B03E-47C4-B67C-3D94FB6C85C9}.Debug|Any CPU.Build.0 = Debug|Any CPU
		{CD0B70A6-B03E-47C4-B67C-3D94FB6C85C9}.Release|Any CPU.ActiveCfg = Release|Any CPU
		{CD0B70A6-B03E-47C4-B67C-3D94FB6C85C9}.Release|Any CPU.Build.0 = Release|Any CPU
	EndGlobalSection
	GlobalSection(SolutionProperties) = preSolution
		HideSolutionNode = FALSE
	EndGlobalSection
EndGlobal
